
Microsoft Visual Studio Solution File, Format Version 12.00
# Visual Studio Version 16
VisualStudioVersion = 16.0.31911.196
MinimumVisualStudioVersion = 10.0.40219.1
Project("{9A19103F-16F7-4668-BE54-9A1E7A4F7556}") = "FullSD_Project.Server", "FullSD_Project\Server\FullSD_Project.Server.csproj", "{4FAA2356-E282-4600-B471-DD94C9CD1575}"
EndProject
Project("{9A19103F-16F7-4668-BE54-9A1E7A4F7556}") = "FullSD_Project.Client", "FullSD_Project\Client\FullSD_Project.Client.csproj", "{199BB6F8-C5E7-4682-9235-1CB7A3B4CC00}"
EndProject
Project("{9A19103F-16F7-4668-BE54-9A1E7A4F7556}") = "FullSD_Project.Shared", "FullSD_Project\Shared\FullSD_Project.Shared.csproj", "{B81ABCF9-519D-4F66-A76D-721CF96F2011}"
EndProject
Global
	GlobalSection(SolutionConfigurationPlatforms) = preSolution
		Debug|Any CPU = Debug|Any CPU
		Release|Any CPU = Release|Any CPU
	EndGlobalSection
	GlobalSection(ProjectConfigurationPlatforms) = postSolution
		{4FAA2356-E282-4600-B471-DD94C9CD1575}.Debug|Any CPU.ActiveCfg = Debug|Any CPU
		{4FAA2356-E282-4600-B471-DD94C9CD1575}.Debug|Any CPU.Build.0 = Debug|Any CPU
		{4FAA2356-E282-4600-B471-DD94C9CD1575}.Release|Any CPU.ActiveCfg = Release|Any CPU
		{4FAA2356-E282-4600-B471-DD94C9CD1575}.Release|Any CPU.Build.0 = Release|Any CPU
		{199BB6F8-C5E7-4682-9235-1CB7A3B4CC00}.Debug|Any CPU.ActiveCfg = Debug|Any CPU
		{199BB6F8-C5E7-4682-9235-1CB7A3B4CC00}.Debug|Any CPU.Build.0 = Debug|Any CPU
		{199BB6F8-C5E7-4682-9235-1CB7A3B4CC00}.Release|Any CPU.ActiveCfg = Release|Any CPU
		{199BB6F8-C5E7-4682-9235-1CB7A3B4CC00}.Release|Any CPU.Build.0 = Release|Any CPU
		{B81ABCF9-519D-4F66-A76D-721CF96F2011}.Debug|Any CPU.ActiveCfg = Debug|Any CPU
		{B81ABCF9-519D-4F66-A76D-721CF96F2011}.Debug|Any CPU.Build.0 = Debug|Any CPU
		{B81ABCF9-519D-4F66-A76D-721CF96F2011}.Release|Any CPU.ActiveCfg = Release|Any CPU
		{B81ABCF9-519D-4F66-A76D-721CF96F2011}.Release|Any CPU.Build.0 = Release|Any CPU
	EndGlobalSection
	GlobalSection(SolutionProperties) = preSolution
		HideSolutionNode = FALSE
	EndGlobalSection
	GlobalSection(ExtensibilityGlobals) = postSolution
		SolutionGuid = {7C265DA9-CD8D-435E-B03C-8DD9B22476F7}
	EndGlobalSection
EndGlobal
